{
  "version": "4",
  "specifiers": {
    "jsr:@std/assert@^1.0.12": "1.0.12",
    "jsr:@std/cli@^1.0.16": "1.0.16",
    "jsr:@std/encoding@^1.0.9": "1.0.9",
    "jsr:@std/fmt@^1.0.6": "1.0.6",
    "jsr:@std/html@^1.0.3": "1.0.3",
    "jsr:@std/http@^1.0.14": "1.0.14",
    "jsr:@std/internal@^1.0.6": "1.0.6",
    "jsr:@std/media-types@^1.1.0": "1.1.0",
    "jsr:@std/net@^1.0.4": "1.0.4",
    "jsr:@std/path@^1.0.8": "1.0.8",
    "jsr:@std/streams@^1.0.9": "1.0.9",
    "npm:emp-wasm-backend@0.4": "0.4.0",
    "npm:mpc-framework@~0.2.1": "0.2.1",
    "npm:summon-ts@~0.5.3": "0.5.3"
  },
  "jsr": {
    "@std/assert@1.0.12": {
      "integrity": "08009f0926dda9cbd8bef3a35d3b6a4b964b0ab5c3e140a4e0351fbf34af5b9a",
      "dependencies": [
        "jsr:@std/internal"
      ]
    },
    "@std/cli@1.0.16": {
      "integrity": "02df293099c35b9e97d8ca05f57f54bd1ee08134f25d19a4756b3924695f4b00"
    },
    "@std/encoding@1.0.9": {
      "integrity": "025b8f18eb1749bc30d1353bf48b77d1eb5e35610220fa226f5a046b9240c5d7"
    },
    "@std/fmt@1.0.6": {
      "integrity": "a2c56a69a2369876ddb3ad6a500bb6501b5bad47bb3ea16bfb0c18974d2661fc"
    },
    "@std/html@1.0.3": {
      "integrity": "7a0ac35e050431fb49d44e61c8b8aac1ebd55937e0dc9ec6409aa4bab39a7988"
    },
    "@std/http@1.0.14": {
      "integrity": "bfc4329d975dff2abd8170e83e37deb454fbc678fec3fdd2ef5b03d92768a4ef",
      "dependencies": [
        "jsr:@std/cli",
        "jsr:@std/encoding",
        "jsr:@std/fmt",
        "jsr:@std/html",
        "jsr:@std/media-types",
        "jsr:@std/net",
        "jsr:@std/path",
        "jsr:@std/streams"
      ]
    },
    "@std/internal@1.0.6": {
      "integrity": "9533b128f230f73bd209408bb07a4b12f8d4255ab2a4d22a1fd6d87304aca9a4"
    },
    "@std/media-types@1.1.0": {
      "integrity": "c9d093f0c05c3512932b330e3cc1fe1d627b301db33a4c2c2185c02471d6eaa4"
    },
    "@std/net@1.0.4": {
      "integrity": "2f403b455ebbccf83d8a027d29c5a9e3a2452fea39bb2da7f2c04af09c8bc852"
    },
    "@std/path@1.0.8": {
      "integrity": "548fa456bb6a04d3c1a1e7477986b6cffbce95102d0bb447c67c4ee70e0364be"
    },
    "@std/streams@1.0.9": {
      "integrity": "a9d26b1988cdd7aa7b1f4b51e1c36c1557f3f252880fa6cc5b9f37078b1a5035"
    }
  },
  "npm": {
    "@msgpack/msgpack@3.1.1": {
      "integrity": "sha512-DnBpqkMOUGayNVKyTLlkM6ILmU/m/+VUxGkuQlPQVAcvreLz5jn1OlQnWd8uHKL/ZSiljpM12rjRhr51VtvJUQ=="
    },
    "@msgpackr-extract/msgpackr-extract-darwin-arm64@3.0.3": {
      "integrity": "sha512-QZHtlVgbAdy2zAqNA9Gu1UpIuI8Xvsd1v8ic6B2pZmeFnFcMWiPLfWXh7TVw4eGEZ/C9TH281KwhVoeQUKbyjw=="
    },
    "@msgpackr-extract/msgpackr-extract-darwin-x64@3.0.3": {
      "integrity": "sha512-mdzd3AVzYKuUmiWOQ8GNhl64/IoFGol569zNRdkLReh6LRLHOXxU4U8eq0JwaD8iFHdVGqSy4IjFL4reoWCDFw=="
    },
    "@msgpackr-extract/msgpackr-extract-linux-arm64@3.0.3": {
      "integrity": "sha512-YxQL+ax0XqBJDZiKimS2XQaf+2wDGVa1enVRGzEvLLVFeqa5kx2bWbtcSXgsxjQB7nRqqIGFIcLteF/sHeVtQg=="
    },
    "@msgpackr-extract/msgpackr-extract-linux-arm@3.0.3": {
      "integrity": "sha512-fg0uy/dG/nZEXfYilKoRe7yALaNmHoYeIoJuJ7KJ+YyU2bvY8vPv27f7UKhGRpY6euFYqEVhxCFZgAUNQBM3nw=="
    },
    "@msgpackr-extract/msgpackr-extract-linux-x64@3.0.3": {
      "integrity": "sha512-cvwNfbP07pKUfq1uH+S6KJ7dT9K8WOE4ZiAcsrSes+UY55E/0jLYc+vq+DO7jlmqRb5zAggExKm0H7O/CBaesg=="
    },
    "@msgpackr-extract/msgpackr-extract-win32-x64@3.0.3": {
      "integrity": "sha512-x0fWaQtYp4E6sktbsdAqnehxDgEc/VwM7uLsRCYWaiGu0ykYdZPiS8zCWdnjHwyiumousxfBm4SO31eXqwEZhQ=="
    },
    "@noble/hashes@1.7.1": {
      "integrity": "sha512-B8XBPsn4vT/KJAGqDzbwztd+6Yte3P4V7iafm24bxgDe/mlRuK6xmWPuCNrKt2vDafZ8MfJLlchDG/vYafQEjQ=="
    },
    "@types/node@20.17.30": {
      "integrity": "sha512-7zf4YyHA+jvBNfVrk2Gtvs6x7E8V+YDW05bNfG2XkWDJfYRXrTiP/DsB2zSYTaHX0bGIujTBQdMVAhb+j7mwpg==",
      "dependencies": [
        "undici-types"
      ]
    },
    "detect-libc@2.0.3": {
      "integrity": "sha512-bwy0MGW55bG41VqxxypOsdSdGqLwXPI/focwgTYCFMbdUiBAxLg9CFzG08sz2aqzknwiX7Hkl0bQENjg8iLByw=="
    },
    "ee-typed@0.1.1": {
      "integrity": "sha512-atfgRdyoqK/QOY7dqv4jwAi7th45DDX2zRjGgLR8zRgJy7QSLyoS6aI1jZbKf/VIrXy9YTpHFCr8Mzxj//a/KA==",
      "dependencies": [
        "@types/node",
        "typed-emitter"
      ]
    },
    "emp-wasm-backend@0.4.0": {
      "integrity": "sha512-Jn7ybuzZAWi4PtTxLqrQ/tah0SEOf0XN1V6vF6ygqVDD7vGiEmCyFlI8yNe0tsfn2v6ja97w+h5XL+uhOr75pg==",
      "dependencies": [
        "@msgpack/msgpack",
        "@noble/hashes",
        "emp-wasm",
        "mpc-framework-common",
        "sort-keys"
      ]
    },
    "emp-wasm@0.2.3": {
      "integrity": "sha512-nWP2v1vxF3O48r5Q/3mAh9pn1wbEb/6zABJ7z5RbvboVFAfSOtS+9wfeMbL9kjq1U/YDaE2UETAkMPskdNXNPA==",
      "dependencies": [
        "ee-typed",
        "events"
      ]
    },
    "events@3.3.0": {
      "integrity": "sha512-mQw+2fkQbALzQ7V0MY0IqdnXNOeTtP4r0lN9z7AAawCXgqea7bDii20AYrIBrFd/Hx0M2Ocz6S111CaFkUcb0Q=="
    },
    "is-plain-obj@4.1.0": {
      "integrity": "sha512-+Pgi+vMuUNkJyExiMBt5IlFoMyKnr5zhJ4Uspz58WOhBF5QoIZkFyNHIbBAtHwzVAgk5RtndVNsDRN61/mmDqg=="
    },
    "mpc-framework-common@0.1.1": {
      "integrity": "sha512-D+o1vSdFPl9v55c0kgM2dGcUR0IZQn3teeQHA5pWiwjokbMt7uiNHHqQKyrzsY2Y4TfBbVKjnS9yjM6szIO5Ng=="
    },
    "mpc-framework@0.2.1": {
      "integrity": "sha512-fcjBCxBR8bLSmLOYi10WnuySbVBHr5UpCrW5KFxJy+xZoqLX4JJVetOY8OZ7AwGtEIQTMiyU2Wyavw/qkKwvqQ==",
      "dependencies": [
        "ee-typed",
        "mpc-framework-common",
        "msgpackr",
        "zod"
      ]
    },
    "msgpackr-extract@3.0.3": {
      "integrity": "sha512-P0efT1C9jIdVRefqjzOQ9Xml57zpOXnIuS+csaB4MdZbTdmGDLo8XhzBG1N7aO11gKDDkJvBLULeFTo46wwreA==",
      "dependencies": [
        "@msgpackr-extract/msgpackr-extract-darwin-arm64",
        "@msgpackr-extract/msgpackr-extract-darwin-x64",
        "@msgpackr-extract/msgpackr-extract-linux-arm",
        "@msgpackr-extract/msgpackr-extract-linux-arm64",
        "@msgpackr-extract/msgpackr-extract-linux-x64",
        "@msgpackr-extract/msgpackr-extract-win32-x64",
        "node-gyp-build-optional-packages"
      ]
    },
    "msgpackr@1.11.2": {
      "integrity": "sha512-F9UngXRlPyWCDEASDpTf6c9uNhGPTqnTeLVt7bN+bU1eajoR/8V9ys2BRaV5C/e5ihE6sJ9uPIKaYt6bFuO32g==",
      "dependencies": [
        "msgpackr-extract"
      ]
    },
    "node-gyp-build-optional-packages@5.2.2": {
      "integrity": "sha512-s+w+rBWnpTMwSFbaE0UXsRlg7hU4FjekKU4eyAih5T8nJuNZT1nNsskXpxmeqSK9UzkBl6UgRlnKc8hz8IEqOw==",
      "dependencies": [
        "detect-libc"
      ]
    },
    "rxjs@7.8.2": {
      "integrity": "sha512-dhKf903U/PQZY6boNNtAGdWbG85WAbjT/1xYoZIC7FAY0yWapOBQVsVrDl58W86//e1VpMNBtRV4MaXfdMySFA==",
      "dependencies": [
        "tslib"
      ]
    },
    "sort-keys@5.1.0": {
      "integrity": "sha512-aSbHV0DaBcr7u0PVHXzM6NbZNAtrr9sF6+Qfs9UUVG7Ll3jQ6hHi8F/xqIIcn2rvIVbr0v/2zyjSdwSV47AgLQ==",
      "dependencies": [
        "is-plain-obj"
      ]
    },
    "summon-ts@0.5.3": {
      "integrity": "sha512-fxuP/SzRxo0HiSp7cItLc7Lr5QkPT66+JfzpMtpLzi6wjESp9d+C2uz/WAkmn7F/3D4vxZPE0K2YdT87IC8EfQ=="
    },
    "tslib@2.8.1": {
      "integrity": "sha512-oJFu94HQb+KVduSUQL7wnpmqnfmLsOA/nAh6b6EH0wCEoK0/mPeXU6c3wKDV83MkOuHPRHtSXKKU99IBazS/2w=="
    },
    "typed-emitter@2.1.0": {
      "integrity": "sha512-g/KzbYKbH5C2vPkaXGu8DJlHrGKHLsM25Zg9WuC9pMGfuvT+X25tZQWo5fK1BjBm8+UrVE9LDCvaY0CQk+fXDA==",
      "dependencies": [
        "rxjs"
      ]
    },
    "undici-types@6.19.8": {
      "integrity": "sha512-ve2KP6f/JnbPBFyobGHuerC9g1FYGn/F8n1LWTwNxCEzd6IfqTwUQcNXgEtmmQ6DlRrC1hrSrBnCZPokRrDHjw=="
    },
    "zod@3.24.2": {
      "integrity": "sha512-lY7CDW43ECgW9u1TcT3IoXHflywfVqDYze4waEz812jR/bZ8FHDsl7pFQoSZTz5N+2NqRXs8GBwnAwo3ZNxqhQ=="
    }
  },
  "workspace": {
    "dependencies": [
      "jsr:@std/assert@^1.0.12",
      "jsr:@std/http@^1.0.14",
      "npm:emp-wasm-backend@0.4",
      "npm:mpc-framework@~0.2.1",
      "npm:summon-ts@~0.5.3"
    ]
  }
}
